
Microsoft Visual Studio Solution File, Format Version 12.00
# Visual Studio Version 17
VisualStudioVersion = 17.2.32526.322
MinimumVisualStudioVersion = 10.0.40219.1
Project("{FAE04EC0-301F-11D3-BF4B-00C04F79EFBC}") = "ToDoListWPF", "ToDoListWPF\ToDoListWPF.csproj", "{48B2797E-47F9-4BF6-8634-5ADAA9CBA733}"
EndProject
Global
	GlobalSection(SolutionConfigurationPlatforms) = preSolution
		Debug|Any CPU = Debug|Any CPU
		Release|Any CPU = Release|Any CPU
	EndGlobalSection
	GlobalSection(ProjectConfigurationPlatforms) = postSolution
		{48B2797E-47F9-4BF6-8634-5ADAA9CBA733}.Debug|Any CPU.ActiveCfg = Debug|Any CPU
		{48B2797E-47F9-4BF6-8634-5ADAA9CBA733}.Debug|Any CPU.Build.0 = Debug|Any CPU
		{48B2797E-47F9-4BF6-8634-5ADAA9CBA733}.Release|Any CPU.ActiveCfg = Release|Any CPU
		{48B2797E-47F9-4BF6-8634-5ADAA9CBA733}.Release|Any CPU.Build.0 = Release|Any CPU
	EndGlobalSection
	GlobalSection(SolutionProperties) = preSolution
		HideSolutionNode = FALSE
	EndGlobalSection
	GlobalSection(ExtensibilityGlobals) = postSolution
		SolutionGuid = {2EFADB13-A2C1-4D77-AE9A-5BEAB482ED40}
	EndGlobalSection
EndGlobal
